
Microsoft Visual Studio Solution File, Format Version 12.00
# Visual Studio Version 17
VisualStudioVersion = 17.8.34309.116
MinimumVisualStudioVersion = 10.0.40219.1
Project("{FAE04EC0-301F-11D3-BF4B-00C04F79EFBC}") = "Recursivo", "Recursivo\Recursivo.csproj", "{F30C43FE-39E6-497B-A59E-DC9295566E04}"
EndProject
Global
	GlobalSection(SolutionConfigurationPlatforms) = preSolution
		Debug|Any CPU = Debug|Any CPU
		Release|Any CPU = Release|Any CPU
	EndGlobalSection
	GlobalSection(ProjectConfigurationPlatforms) = postSolution
		{F30C43FE-39E6-497B-A59E-DC9295566E04}.Debug|Any CPU.ActiveCfg = Debug|Any CPU
		{F30C43FE-39E6-497B-A59E-DC9295566E04}.Debug|Any CPU.Build.0 = Debug|Any CPU
		{F30C43FE-39E6-497B-A59E-DC9295566E04}.Release|Any CPU.ActiveCfg = Release|Any CPU
		{F30C43FE-39E6-497B-A59E-DC9295566E04}.Release|Any CPU.Build.0 = Release|Any CPU
	EndGlobalSection
	GlobalSection(SolutionProperties) = preSolution
		HideSolutionNode = FALSE
	EndGlobalSection
	GlobalSection(ExtensibilityGlobals) = postSolution
		SolutionGuid = {E67F2D1A-BA45-4D4E-85D4-4642B84DD0AE}
	EndGlobalSection
EndGlobal
